lockfileVersion: 5.4

specifiers:
  axios: ^1.4.0
  cheerio: 1.0.0-rc.12

dependencies:
  axios: registry.npmmirror.com/axios/1.4.0
  cheerio: registry.npmmirror.com/cheerio/1.0.0-rc.12

packages:

  registry.npmmirror.com/asynckit/0.4.0:
    resolution: {integrity: sha512-Oei9OH4tRh0YqU3GxhX79dM/mwVgvbZJaSNaRk+bshkj0S5cfHcgYakreBjrHwatXKbz+IoIdYLxrKim2MjW0Q==, registry: https://registry.npm.taobao.org/, tarball: https://registry.npmmirror.com/asynckit/-/asynckit-0.4.0.tgz}
    name: asynckit
    version: 0.4.0
    dev: false

  registry.npmmirror.com/axios/1.4.0:
    resolution: {integrity: sha512-S4XCWMEmzvo64T9GfvQDOXgYRDJ/wsSZc7Jvdgx5u1sd0JwsuPLqb3SYmusag+edF6ziyMensPVqLTSc1PiSEA==, registry: https://registry.npm.taobao.org/, tarball: https://registry.npmmirror.com/axios/-/axios-1.4.0.tgz}
    name: axios
    version: 1.4.0
    dependencies:
      follow-redirects: registry.npmmirror.com/follow-redirects/1.15.2
      form-data: registry.npmmirror.com/form-data/4.0.0
      proxy-from-env: registry.npmmirror.com/proxy-from-env/1.1.0
    transitivePeerDependencies:
      - debug
    dev: false

  registry.npmmirror.com/boolbase/1.0.0:
    resolution: {integrity: sha512-JZOSA7Mo9sNGB8+UjSgzdLtokWAky1zbztM3WRLCbZ70/3cTANmQmOdR7y2g+J0e2WXywy1yS468tY+IruqEww==, registry: https://registry.npm.taobao.org/, tarball: https://registry.npmmirror.com/boolbase/-/boolbase-1.0.0.tgz}
    name: boolbase
    version: 1.0.0
    dev: false

  registry.npmmirror.com/cheerio-select/2.1.0:
    resolution: {integrity: sha512-9v9kG0LvzrlcungtnJtpGNxY+fzECQKhK4EGJX2vByejiMX84MFNQw4UxPJl3bFbTMw+Dfs37XaIkCwTZfLh4g==, registry: https://registry.npm.taobao.org/, tarball: https://registry.npmmirror.com/cheerio-select/-/cheerio-select-2.1.0.tgz}
    name: cheerio-select
    version: 2.1.0
    dependencies:
      boolbase: registry.npmmirror.com/boolbase/1.0.0
      css-select: registry.npmmirror.com/css-select/5.1.0
      css-what: registry.npmmirror.com/css-what/6.1.0
      domelementtype: registry.npmmirror.com/domelementtype/2.3.0
      domhandler: registry.npmmirror.com/domhandler/5.0.3
      domutils: registry.npmmirror.com/domutils/3.0.1
    dev: false

  registry.npmmirror.com/cheerio/1.0.0-rc.12:
    resolution: {integrity: sha512-VqR8m68vM46BNnuZ5NtnGBKIE/DfN0cRIzg9n40EIq9NOv90ayxLBXA8fXC5gquFRGJSTRqBq25Jt2ECLR431Q==, registry: https://registry.npm.taobao.org/, tarball: https://registry.npmmirror.com/cheerio/-/cheerio-1.0.0-rc.12.tgz}
    name: cheerio
    version: 1.0.0-rc.12
    engines: {node: '>= 6'}
    dependencies:
      cheerio-select: registry.npmmirror.com/cheerio-select/2.1.0
      dom-serializer: registry.npmmirror.com/dom-serializer/2.0.0
      domhandler: registry.npmmirror.com/domhandler/5.0.3
      domutils: registry.npmmirror.com/domutils/3.0.1
      htmlparser2: registry.npmmirror.com/htmlparser2/8.0.2
      parse5: registry.npmmirror.com/parse5/7.1.2
      parse5-htmlparser2-tree-adapter: registry.npmmirror.com/parse5-htmlparser2-tree-adapter/7.0.0
    dev: false

  registry.npmmirror.com/combined-stream/1.0.8:
    resolution: {integrity: sha512-FQN4MRfuJeHf7cBbBMJFXhKSDq+2kAArBlmRBvcvFE5BB1HZKXtSFASDhdlz9zOYwxh8lDdnvmMOe/+5cdoEdg==, registry: https://registry.npm.taobao.org/, tarball: https://registry.npmmirror.com/combined-stream/-/combined-stream-1.0.8.tgz}
    name: combined-stream
    version: 1.0.8
    engines: {node: '>= 0.8'}
    dependencies:
      delayed-stream: registry.npmmirror.com/delayed-stream/1.0.0
    dev: false

  registry.npmmirror.com/css-select/5.1.0:
    resolution: {integrity: sha512-nwoRF1rvRRnnCqqY7updORDsuqKzqYJ28+oSMaJMMgOauh3fvwHqMS7EZpIPqK8GL+g9mKxF1vP/ZjSeNjEVHg==, registry: https://registry.npm.taobao.org/, tarball: https://registry.npmmirror.com/css-select/-/css-select-5.1.0.tgz}
    name: css-select
    version: 5.1.0
    dependencies:
      boolbase: registry.npmmirror.com/boolbase/1.0.0
      css-what: registry.npmmirror.com/css-what/6.1.0
      domhandler: registry.npmmirror.com/domhandler/5.0.3
      domutils: registry.npmmirror.com/domutils/3.0.1
      nth-check: registry.npmmirror.com/nth-check/2.1.1
    dev: false

  registry.npmmirror.com/css-what/6.1.0:
    resolution: {integrity: sha512-HTUrgRJ7r4dsZKU6GjmpfRK1O76h97Z8MfS1G0FozR+oF2kG6Vfe8JE6zwrkbxigziPHinCJ+gCPjA9EaBDtRw==, registry: https://registry.npm.taobao.org/, tarball: https://registry.npmmirror.com/css-what/-/css-what-6.1.0.tgz}
    name: css-what
    version: 6.1.0
    engines: {node: '>= 6'}
    dev: false

  registry.npmmirror.com/delayed-stream/1.0.0:
    resolution: {integrity: sha512-ZySD7Nf91aLB0RxL4KGrKHBXl7Eds1DAmEdcoVawXnLD7SDhpNgtuII2aAkg7a7QS41jxPSZ17p4VdGnMHk3MQ==, registry: https://registry.npm.taobao.org/, tarball: https://registry.npmmirror.com/delayed-stream/-/delayed-stream-1.0.0.tgz}
    name: delayed-stream
    version: 1.0.0
    engines: {node: '>=0.4.0'}
    dev: false

  registry.npmmirror.com/dom-serializer/2.0.0:
    resolution: {integrity: sha512-wIkAryiqt/nV5EQKqQpo3SToSOV9J0DnbJqwK7Wv/Trc92zIAYZ4FlMu+JPFW1DfGFt81ZTCGgDEabffXeLyJg==, registry: https://registry.npm.taobao.org/, tarball: https://registry.npmmirror.com/dom-serializer/-/dom-serializer-2.0.0.tgz}
    name: dom-serializer
    version: 2.0.0
    dependencies:
      domelementtype: registry.npmmirror.com/domelementtype/2.3.0
      domhandler: registry.npmmirror.com/domhandler/5.0.3
      entities: registry.npmmirror.com/entities/4.5.0
    dev: false

  registry.npmmirror.com/domelementtype/2.3.0:
    resolution: {integrity: sha512-OLETBj6w0OsagBwdXnPdN0cnMfF9opN69co+7ZrbfPGrdpPVNBUj02spi6B1N7wChLQiPn4CSH/zJvXw56gmHw==, registry: https://registry.npm.taobao.org/, tarball: https://registry.npmmirror.com/domelementtype/-/domelementtype-2.3.0.tgz}
    name: domelementtype
    version: 2.3.0
    dev: false

  registry.npmmirror.com/domhandler/5.0.3:
    resolution: {integrity: sha512-cgwlv/1iFQiFnU96XXgROh8xTeetsnJiDsTc7TYCLFd9+/WNkIqPTxiM/8pSd8VIrhXGTf1Ny1q1hquVqDJB5w==, registry: https://registry.npm.taobao.org/, tarball: https://registry.npmmirror.com/domhandler/-/domhandler-5.0.3.tgz}
    name: domhandler
    version: 5.0.3
    engines: {node: '>= 4'}
    dependencies:
      domelementtype: registry.npmmirror.com/domelementtype/2.3.0
    dev: false

  registry.npmmirror.com/domutils/3.0.1:
    resolution: {integrity: sha512-z08c1l761iKhDFtfXO04C7kTdPBLi41zwOZl00WS8b5eiaebNpY00HKbztwBq+e3vyqWNwWF3mP9YLUeqIrF+Q==, registry: https://registry.npm.taobao.org/, tarball: https://registry.npmmirror.com/domutils/-/domutils-3.0.1.tgz}
    name: domutils
    version: 3.0.1
    dependencies:
      dom-serializer: registry.npmmirror.com/dom-serializer/2.0.0
      domelementtype: registry.npmmirror.com/domelementtype/2.3.0
      domhandler: registry.npmmirror.com/domhandler/5.0.3
    dev: false

  registry.npmmirror.com/entities/4.5.0:
    resolution: {integrity: sha512-V0hjH4dGPh9Ao5p0MoRY6BVqtwCjhz6vI5LT8AJ55H+4g9/4vbHx1I54fS0XuclLhDHArPQCiMjDxjaL8fPxhw==, registry: https://registry.npm.taobao.org/, tarball: https://registry.npmmirror.com/entities/-/entities-4.5.0.tgz}
    name: entities
    version: 4.5.0
    engines: {node: '>=0.12'}
    dev: false

  registry.npmmirror.com/follow-redirects/1.15.2:
    resolution: {integrity: sha512-VQLG33o04KaQ8uYi2tVNbdrWp1QWxNNea+nmIB4EVM28v0hmP17z7aG1+wAkNzVq4KeXTq3221ye5qTJP91JwA==, registry: https://registry.npm.taobao.org/, tarball: https://registry.npmmirror.com/follow-redirects/-/follow-redirects-1.15.2.tgz}
    name: follow-redirects
    version: 1.15.2
    engines: {node: '>=4.0'}
    peerDependencies:
      debug: '*'
    peerDependenciesMeta:
      debug:
        optional: true
    dev: false

  registry.npmmirror.com/form-data/4.0.0:
    resolution: {integrity: sha512-ETEklSGi5t0QMZuiXoA/Q6vcnxcLQP5vdugSpuAyi6SVGi2clPPp+xgEhuMaHC+zGgn31Kd235W35f7Hykkaww==, registry: https://registry.npm.taobao.org/, tarball: https://registry.npmmirror.com/form-data/-/form-data-4.0.0.tgz}
    name: form-data
    version: 4.0.0
    engines: {node: '>= 6'}
    dependencies:
      asynckit: registry.npmmirror.com/asynckit/0.4.0
      combined-stream: registry.npmmirror.com/combined-stream/1.0.8
      mime-types: registry.npmmirror.com/mime-types/2.1.35
    dev: false

  registry.npmmirror.com/htmlparser2/8.0.2:
    resolution: {integrity: sha512-GYdjWKDkbRLkZ5geuHs5NY1puJ+PXwP7+fHPRz06Eirsb9ugf6d8kkXav6ADhcODhFFPMIXyxkxSuMf3D6NCFA==, registry: https://registry.npm.taobao.org/, tarball: https://registry.npmmirror.com/htmlparser2/-/htmlparser2-8.0.2.tgz}
    name: htmlparser2
    version: 8.0.2
    dependencies:
      domelementtype: registry.npmmirror.com/domelementtype/2.3.0
      domhandler: registry.npmmirror.com/domhandler/5.0.3
      domutils: registry.npmmirror.com/domutils/3.0.1
      entities: registry.npmmirror.com/entities/4.5.0
    dev: false

  registry.npmmirror.com/mime-db/1.52.0:
    resolution: {integrity: sha512-sPU4uV7dYlvtWJxwwxHD0PuihVNiE7TyAbQ5SWxDCB9mUYvOgroQOwYQQOKPJ8CIbE+1ETVlOoK1UC2nU3gYvg==, registry: https://registry.npm.taobao.org/, tarball: https://registry.npmmirror.com/mime-db/-/mime-db-1.52.0.tgz}
    name: mime-db
    version: 1.52.0
    engines: {node: '>= 0.6'}
    dev: false

  registry.npmmirror.com/mime-types/2.1.35:
    resolution: {integrity: sha512-ZDY+bPm5zTTF+YpCrAU9nK0UgICYPT0QtT1NZWFv4s++TNkcgVaT0g6+4R2uI4MjQjzysHB1zxuWL50hzaeXiw==, registry: https://registry.npm.taobao.org/, tarball: https://registry.npmmirror.com/mime-types/-/mime-types-2.1.35.tgz}
    name: mime-types
    version: 2.1.35
    engines: {node: '>= 0.6'}
    dependencies:
      mime-db: registry.npmmirror.com/mime-db/1.52.0
    dev: false

  registry.npmmirror.com/nth-check/2.1.1:
    resolution: {integrity: sha512-lqjrjmaOoAnWfMmBPL+XNnynZh2+swxiX3WUE0s4yEHI6m+AwrK2UZOimIRl3X/4QctVqS8AiZjFqyOGrMXb/w==, registry: https://registry.npm.taobao.org/, tarball: https://registry.npmmirror.com/nth-check/-/nth-check-2.1.1.tgz}
    name: nth-check
    version: 2.1.1
    dependencies:
      boolbase: registry.npmmirror.com/boolbase/1.0.0
    dev: false

  registry.npmmirror.com/parse5-htmlparser2-tree-adapter/7.0.0:
    resolution: {integrity: sha512-B77tOZrqqfUfnVcOrUvfdLbz4pu4RopLD/4vmu3HUPswwTA8OH0EMW9BlWR2B0RCoiZRAHEUu7IxeP1Pd1UU+g==, registry: https://registry.npm.taobao.org/, tarball: https://registry.npmmirror.com/parse5-htmlparser2-tree-adapter/-/parse5-htmlparser2-tree-adapter-7.0.0.tgz}
    name: parse5-htmlparser2-tree-adapter
    version: 7.0.0
    dependencies:
      domhandler: registry.npmmirror.com/domhandler/5.0.3
      parse5: registry.npmmirror.com/parse5/7.1.2
    dev: false

  registry.npmmirror.com/parse5/7.1.2:
    resolution: {integrity: sha512-Czj1WaSVpaoj0wbhMzLmWD69anp2WH7FXMB9n1Sy8/ZFF9jolSQVMu1Ij5WIyGmcBmhk7EOndpO4mIpihVqAXw==, registry: https://registry.npm.taobao.org/, tarball: https://registry.npmmirror.com/parse5/-/parse5-7.1.2.tgz}
    name: parse5
    version: 7.1.2
    dependencies:
      entities: registry.npmmirror.com/entities/4.5.0
    dev: false

  registry.npmmirror.com/proxy-from-env/1.1.0:
    resolution: {integrity: sha512-D+zkORCbA9f1tdWRK0RaCR3GPv50cMxcrz4X8k5LTSUD1Dkw47mKJEZQNunItRTkWwgtaUSo1RVFRIG9ZXiFYg==, registry: https://registry.npm.taobao.org/, tarball: https://registry.npmmirror.com/proxy-from-env/-/proxy-from-env-1.1.0.tgz}
    name: proxy-from-env
    version: 1.1.0
    dev: false
